
Microsoft Visual Studio Solution File, Format Version 12.00
# Visual Studio Version 16
VisualStudioVersion = 16.0.31515.178
MinimumVisualStudioVersion = 10.0.40219.1
Project("{F184B08F-C81C-45F6-A57F-5ABD9991F28F}") = "VB_DYMOSDK_Sample", "VB_DYMOSDK_Sample\VB_DYMOSDK_Sample.vbproj", "{2915D77C-375E-403B-B4AE-445B0FCB413A}"
EndProject
Global
	GlobalSection(SolutionConfigurationPlatforms) = preSolution
		Debug|Any CPU = Debug|Any CPU
		Release|Any CPU = Release|Any CPU
	EndGlobalSection
	GlobalSection(ProjectConfigurationPlatforms) = postSolution
		{2915D77C-375E-403B-B4AE-445B0FCB413A}.Debug|Any CPU.ActiveCfg = Debug|Any CPU
		{2915D77C-375E-403B-B4AE-445B0FCB413A}.Debug|Any CPU.Build.0 = Debug|Any CPU
		{2915D77C-375E-403B-B4AE-445B0FCB413A}.Release|Any CPU.ActiveCfg = Release|Any CPU
		{2915D77C-375E-403B-B4AE-445B0FCB413A}.Release|Any CPU.Build.0 = Release|Any CPU
	EndGlobalSection
	GlobalSection(SolutionProperties) = preSolution
		HideSolutionNode = FALSE
	EndGlobalSection
	GlobalSection(ExtensibilityGlobals) = postSolution
		SolutionGuid = {43CB94A3-F014-4385-A024-F48A6A29D1E0}
	EndGlobalSection
EndGlobal
