Microsoft Visual Studio Solution File, Format Version 12.00
# Visual Studio Version 17
VisualStudioVersion = 17.7.34302.85
MinimumVisualStudioVersion = 10.0.40219.1
Project("{2150E333-8FDC-42A3-9474-1A3956D46DE8}") = "Samples", "Samples", "{518CB217-D3C0-42D6-BB68-060E216185D3}"
EndProject
Project("{9A19103F-16F7-4668-BE54-9A1E7A4F7556}") = "SDKSample", "SDKSample\SDKSample.csproj", "{8DCF0A30-2DF0-47D4-847A-E29DD106ADE4}"
EndProject
Project("{9A19103F-16F7-4668-BE54-9A1E7A4F7556}") = "SDKSample.WinUI", "SDKSample.WinUI\SDKSample.WinUI.csproj", "{BBC80C0C-F259-4885-8158-D4439CAA1D65}"
EndProject
Project("{9A19103F-16F7-4668-BE54-9A1E7A4F7556}") = "SDKSample.Droid", "SDKSample.Droid\SDKSample.Droid.csproj", "{6403F0DE-9077-496B-8B11-12E4571B2228}"
EndProject
Project("{9A19103F-16F7-4668-BE54-9A1E7A4F7556}") = "SDKSample.iOS", "SDKSample.iOS\SDKSample.iOS.csproj", "{CEB4E19C-71A5-4D33-9D0E-EEFC16B82A9A}"
EndProject
Project("{9A19103F-16F7-4668-BE54-9A1E7A4F7556}") = "SDKSample.Mac", "SDKSample.Mac\SDKSample.Mac.csproj", "{5EA16ADF-C1E0-46B6-A7F5-F12F26B89E04}"
EndProject
Global
	GlobalSection(SolutionConfigurationPlatforms) = preSolution
		Debug|Any CPU = Debug|Any CPU
		Debug|ARM64 = Debug|ARM64
		Debug|x64 = Debug|x64
		Debug|x86 = Debug|x86
		Release|Any CPU = Release|Any CPU
		Release|ARM64 = Release|ARM64
		Release|x64 = Release|x64
		Release|x86 = Release|x86
		UnitTests|Any CPU = UnitTests|Any CPU
		UnitTests|ARM64 = UnitTests|ARM64
		UnitTests|x64 = UnitTests|x64
		UnitTests|x86 = UnitTests|x86
	EndGlobalSection
	GlobalSection(ProjectConfigurationPlatforms) = postSolution
		{8DCF0A30-2DF0-47D4-847A-E29DD106ADE4}.Debug|Any CPU.ActiveCfg = Debug|Any CPU
		{8DCF0A30-2DF0-47D4-847A-E29DD106ADE4}.Debug|Any CPU.Build.0 = Debug|Any CPU
		{8DCF0A30-2DF0-47D4-847A-E29DD106ADE4}.Debug|ARM64.ActiveCfg = Debug|Any CPU
		{8DCF0A30-2DF0-47D4-847A-E29DD106ADE4}.Debug|ARM64.Build.0 = Debug|Any CPU
		{8DCF0A30-2DF0-47D4-847A-E29DD106ADE4}.Debug|x64.ActiveCfg = Debug|Any CPU
		{8DCF0A30-2DF0-47D4-847A-E29DD106ADE4}.Debug|x64.Build.0 = Debug|Any CPU
		{8DCF0A30-2DF0-47D4-847A-E29DD106ADE4}.Debug|x86.ActiveCfg = Debug|Any CPU
		{8DCF0A30-2DF0-47D4-847A-E29DD106ADE4}.Debug|x86.Build.0 = Debug|Any CPU
		{8DCF0A30-2DF0-47D4-847A-E29DD106ADE4}.Release|Any CPU.ActiveCfg = Release|Any CPU
		{8DCF0A30-2DF0-47D4-847A-E29DD106ADE4}.Release|Any CPU.Build.0 = Release|Any CPU
		{8DCF0A30-2DF0-47D4-847A-E29DD106ADE4}.Release|ARM64.ActiveCfg = Release|Any CPU
		{8DCF0A30-2DF0-47D4-847A-E29DD106ADE4}.Release|ARM64.Build.0 = Release|Any CPU
		{8DCF0A30-2DF0-47D4-847A-E29DD106ADE4}.Release|x64.ActiveCfg = Release|Any CPU
		{8DCF0A30-2DF0-47D4-847A-E29DD106ADE4}.Release|x64.Build.0 = Release|Any CPU
		{8DCF0A30-2DF0-47D4-847A-E29DD106ADE4}.Release|x86.ActiveCfg = Release|Any CPU
		{8DCF0A30-2DF0-47D4-847A-E29DD106ADE4}.Release|x86.Build.0 = Release|Any CPU
		{8DCF0A30-2DF0-47D4-847A-E29DD106ADE4}.UnitTests|Any CPU.ActiveCfg = Debug|Any CPU
		{8DCF0A30-2DF0-47D4-847A-E29DD106ADE4}.UnitTests|Any CPU.Build.0 = Debug|Any CPU
		{8DCF0A30-2DF0-47D4-847A-E29DD106ADE4}.UnitTests|ARM64.ActiveCfg = Debug|Any CPU
		{8DCF0A30-2DF0-47D4-847A-E29DD106ADE4}.UnitTests|ARM64.Build.0 = Debug|Any CPU
		{8DCF0A30-2DF0-47D4-847A-E29DD106ADE4}.UnitTests|x64.ActiveCfg = Debug|Any CPU
		{8DCF0A30-2DF0-47D4-847A-E29DD106ADE4}.UnitTests|x64.Build.0 = Debug|Any CPU
		{8DCF0A30-2DF0-47D4-847A-E29DD106ADE4}.UnitTests|x86.ActiveCfg = Debug|Any CPU
		{8DCF0A30-2DF0-47D4-847A-E29DD106ADE4}.UnitTests|x86.Build.0 = Debug|Any CPU
		{BBC80C0C-F259-4885-8158-D4439CAA1D65}.Debug|Any CPU.ActiveCfg = Debug|x64
		{BBC80C0C-F259-4885-8158-D4439CAA1D65}.Debug|Any CPU.Build.0 = Debug|x64
		{BBC80C0C-F259-4885-8158-D4439CAA1D65}.Debug|Any CPU.Deploy.0 = Debug|x64
		{BBC80C0C-F259-4885-8158-D4439CAA1D65}.Debug|ARM64.ActiveCfg = Debug|ARM64
		{BBC80C0C-F259-4885-8158-D4439CAA1D65}.Debug|ARM64.Build.0 = Debug|ARM64
		{BBC80C0C-F259-4885-8158-D4439CAA1D65}.Debug|x64.ActiveCfg = Debug|x64
		{BBC80C0C-F259-4885-8158-D4439CAA1D65}.Debug|x64.Build.0 = Debug|x64
		{BBC80C0C-F259-4885-8158-D4439CAA1D65}.Debug|x64.Deploy.0 = Debug|x64
		{BBC80C0C-F259-4885-8158-D4439CAA1D65}.Debug|x86.ActiveCfg = Debug|x86
		{BBC80C0C-F259-4885-8158-D4439CAA1D65}.Debug|x86.Build.0 = Debug|x86
		{BBC80C0C-F259-4885-8158-D4439CAA1D65}.Release|Any CPU.ActiveCfg = Release|x64
		{BBC80C0C-F259-4885-8158-D4439CAA1D65}.Release|Any CPU.Build.0 = Release|x64
		{BBC80C0C-F259-4885-8158-D4439CAA1D65}.Release|ARM64.ActiveCfg = Release|ARM64
		{BBC80C0C-F259-4885-8158-D4439CAA1D65}.Release|ARM64.Build.0 = Release|ARM64
		{BBC80C0C-F259-4885-8158-D4439CAA1D65}.Release|x64.ActiveCfg = Release|x64
		{BBC80C0C-F259-4885-8158-D4439CAA1D65}.Release|x64.Build.0 = Release|x64
		{BBC80C0C-F259-4885-8158-D4439CAA1D65}.Release|x86.ActiveCfg = Release|x86
		{BBC80C0C-F259-4885-8158-D4439CAA1D65}.Release|x86.Build.0 = Release|x86
		{BBC80C0C-F259-4885-8158-D4439CAA1D65}.UnitTests|Any CPU.ActiveCfg = Debug|x64
		{BBC80C0C-F259-4885-8158-D4439CAA1D65}.UnitTests|Any CPU.Build.0 = Debug|x64
		{BBC80C0C-F259-4885-8158-D4439CAA1D65}.UnitTests|ARM64.ActiveCfg = Debug|ARM64
		{BBC80C0C-F259-4885-8158-D4439CAA1D65}.UnitTests|ARM64.Build.0 = Debug|ARM64
		{BBC80C0C-F259-4885-8158-D4439CAA1D65}.UnitTests|x64.ActiveCfg = Debug|x64
		{BBC80C0C-F259-4885-8158-D4439CAA1D65}.UnitTests|x64.Build.0 = Debug|x64
		{BBC80C0C-F259-4885-8158-D4439CAA1D65}.UnitTests|x86.ActiveCfg = Debug|x86
		{BBC80C0C-F259-4885-8158-D4439CAA1D65}.UnitTests|x86.Build.0 = Debug|x86
		{6403F0DE-9077-496B-8B11-12E4571B2228}.Debug|Any CPU.ActiveCfg = Debug|Any CPU
		{6403F0DE-9077-496B-8B11-12E4571B2228}.Debug|Any CPU.Build.0 = Debug|Any CPU
		{6403F0DE-9077-496B-8B11-12E4571B2228}.Debug|Any CPU.Deploy.0 = Debug|Any CPU
		{6403F0DE-9077-496B-8B11-12E4571B2228}.Debug|ARM64.ActiveCfg = Debug|Any CPU
		{6403F0DE-9077-496B-8B11-12E4571B2228}.Debug|ARM64.Build.0 = Debug|Any CPU
		{6403F0DE-9077-496B-8B11-12E4571B2228}.Debug|ARM64.Deploy.0 = Debug|Any CPU
		{6403F0DE-9077-496B-8B11-12E4571B2228}.Debug|x64.ActiveCfg = Debug|Any CPU
		{6403F0DE-9077-496B-8B11-12E4571B2228}.Debug|x64.Build.0 = Debug|Any CPU
		{6403F0DE-9077-496B-8B11-12E4571B2228}.Debug|x64.Deploy.0 = Debug|Any CPU
		{6403F0DE-9077-496B-8B11-12E4571B2228}.Debug|x86.ActiveCfg = Debug|Any CPU
		{6403F0DE-9077-496B-8B11-12E4571B2228}.Debug|x86.Build.0 = Debug|Any CPU
		{6403F0DE-9077-496B-8B11-12E4571B2228}.Debug|x86.Deploy.0 = Debug|Any CPU
		{6403F0DE-9077-496B-8B11-12E4571B2228}.Release|Any CPU.ActiveCfg = Release|Any CPU
		{6403F0DE-9077-496B-8B11-12E4571B2228}.Release|Any CPU.Build.0 = Release|Any CPU
		{6403F0DE-9077-496B-8B11-12E4571B2228}.Release|ARM64.ActiveCfg = Release|Any CPU
		{6403F0DE-9077-496B-8B11-12E4571B2228}.Release|ARM64.Build.0 = Release|Any CPU
		{6403F0DE-9077-496B-8B11-12E4571B2228}.Release|x64.ActiveCfg = Release|Any CPU
		{6403F0DE-9077-496B-8B11-12E4571B2228}.Release|x64.Build.0 = Release|Any CPU
		{6403F0DE-9077-496B-8B11-12E4571B2228}.Release|x86.ActiveCfg = Release|Any CPU
		{6403F0DE-9077-496B-8B11-12E4571B2228}.Release|x86.Build.0 = Release|Any CPU
		{6403F0DE-9077-496B-8B11-12E4571B2228}.UnitTests|Any CPU.ActiveCfg = Debug|Any CPU
		{6403F0DE-9077-496B-8B11-12E4571B2228}.UnitTests|Any CPU.Build.0 = Debug|Any CPU
		{6403F0DE-9077-496B-8B11-12E4571B2228}.UnitTests|Any CPU.Deploy.0 = Debug|Any CPU
		{6403F0DE-9077-496B-8B11-12E4571B2228}.UnitTests|ARM64.ActiveCfg = Debug|Any CPU
		{6403F0DE-9077-496B-8B11-12E4571B2228}.UnitTests|ARM64.Build.0 = Debug|Any CPU
		{6403F0DE-9077-496B-8B11-12E4571B2228}.UnitTests|ARM64.Deploy.0 = Debug|Any CPU
		{6403F0DE-9077-496B-8B11-12E4571B2228}.UnitTests|x64.ActiveCfg = Debug|Any CPU
		{6403F0DE-9077-496B-8B11-12E4571B2228}.UnitTests|x64.Build.0 = Debug|Any CPU
		{6403F0DE-9077-496B-8B11-12E4571B2228}.UnitTests|x64.Deploy.0 = Debug|Any CPU
		{6403F0DE-9077-496B-8B11-12E4571B2228}.UnitTests|x86.ActiveCfg = Debug|Any CPU
		{6403F0DE-9077-496B-8B11-12E4571B2228}.UnitTests|x86.Build.0 = Debug|Any CPU
		{6403F0DE-9077-496B-8B11-12E4571B2228}.UnitTests|x86.Deploy.0 = Debug|Any CPU
		{CEB4E19C-71A5-4D33-9D0E-EEFC16B82A9A}.Debug|Any CPU.ActiveCfg = Debug|Any CPU
		{CEB4E19C-71A5-4D33-9D0E-EEFC16B82A9A}.Debug|Any CPU.Build.0 = Debug|Any CPU
		{CEB4E19C-71A5-4D33-9D0E-EEFC16B82A9A}.Debug|Any CPU.Deploy.0 = Debug|Any CPU
		{CEB4E19C-71A5-4D33-9D0E-EEFC16B82A9A}.Debug|ARM64.ActiveCfg = Debug|Any CPU
		{CEB4E19C-71A5-4D33-9D0E-EEFC16B82A9A}.Debug|ARM64.Build.0 = Debug|Any CPU
		{CEB4E19C-71A5-4D33-9D0E-EEFC16B82A9A}.Debug|ARM64.Deploy.0 = Debug|Any CPU
		{CEB4E19C-71A5-4D33-9D0E-EEFC16B82A9A}.Debug|x64.ActiveCfg = Debug|Any CPU
		{CEB4E19C-71A5-4D33-9D0E-EEFC16B82A9A}.Debug|x64.Build.0 = Debug|Any CPU
		{CEB4E19C-71A5-4D33-9D0E-EEFC16B82A9A}.Debug|x64.Deploy.0 = Debug|Any CPU
		{CEB4E19C-71A5-4D33-9D0E-EEFC16B82A9A}.Debug|x86.ActiveCfg = Debug|Any CPU
		{CEB4E19C-71A5-4D33-9D0E-EEFC16B82A9A}.Debug|x86.Build.0 = Debug|Any CPU
		{CEB4E19C-71A5-4D33-9D0E-EEFC16B82A9A}.Debug|x86.Deploy.0 = Debug|Any CPU
		{CEB4E19C-71A5-4D33-9D0E-EEFC16B82A9A}.Release|Any CPU.ActiveCfg = Release|Any CPU
		{CEB4E19C-71A5-4D33-9D0E-EEFC16B82A9A}.Release|Any CPU.Build.0 = Release|Any CPU
		{CEB4E19C-71A5-4D33-9D0E-EEFC16B82A9A}.Release|Any CPU.Deploy.0 = Release|Any CPU
		{CEB4E19C-71A5-4D33-9D0E-EEFC16B82A9A}.Release|ARM64.ActiveCfg = Release|Any CPU
		{CEB4E19C-71A5-4D33-9D0E-EEFC16B82A9A}.Release|ARM64.Build.0 = Release|Any CPU
		{CEB4E19C-71A5-4D33-9D0E-EEFC16B82A9A}.Release|ARM64.Deploy.0 = Release|Any CPU
		{CEB4E19C-71A5-4D33-9D0E-EEFC16B82A9A}.Release|x64.ActiveCfg = Release|Any CPU
		{CEB4E19C-71A5-4D33-9D0E-EEFC16B82A9A}.Release|x64.Build.0 = Release|Any CPU
		{CEB4E19C-71A5-4D33-9D0E-EEFC16B82A9A}.Release|x64.Deploy.0 = Release|Any CPU
		{CEB4E19C-71A5-4D33-9D0E-EEFC16B82A9A}.Release|x86.ActiveCfg = Release|Any CPU
		{CEB4E19C-71A5-4D33-9D0E-EEFC16B82A9A}.Release|x86.Build.0 = Release|Any CPU
		{CEB4E19C-71A5-4D33-9D0E-EEFC16B82A9A}.Release|x86.Deploy.0 = Release|Any CPU
		{CEB4E19C-71A5-4D33-9D0E-EEFC16B82A9A}.UnitTests|Any CPU.ActiveCfg = Debug|Any CPU
		{CEB4E19C-71A5-4D33-9D0E-EEFC16B82A9A}.UnitTests|Any CPU.Build.0 = Debug|Any CPU
		{CEB4E19C-71A5-4D33-9D0E-EEFC16B82A9A}.UnitTests|Any CPU.Deploy.0 = Debug|Any CPU
		{CEB4E19C-71A5-4D33-9D0E-EEFC16B82A9A}.UnitTests|ARM64.ActiveCfg = Debug|Any CPU
		{CEB4E19C-71A5-4D33-9D0E-EEFC16B82A9A}.UnitTests|ARM64.Build.0 = Debug|Any CPU
		{CEB4E19C-71A5-4D33-9D0E-EEFC16B82A9A}.UnitTests|ARM64.Deploy.0 = Debug|Any CPU
		{CEB4E19C-71A5-4D33-9D0E-EEFC16B82A9A}.UnitTests|x64.ActiveCfg = Debug|Any CPU
		{CEB4E19C-71A5-4D33-9D0E-EEFC16B82A9A}.UnitTests|x64.Build.0 = Debug|Any CPU
		{CEB4E19C-71A5-4D33-9D0E-EEFC16B82A9A}.UnitTests|x64.Deploy.0 = Debug|Any CPU
		{CEB4E19C-71A5-4D33-9D0E-EEFC16B82A9A}.UnitTests|x86.ActiveCfg = Debug|Any CPU
		{CEB4E19C-71A5-4D33-9D0E-EEFC16B82A9A}.UnitTests|x86.Build.0 = Debug|Any CPU
		{CEB4E19C-71A5-4D33-9D0E-EEFC16B82A9A}.UnitTests|x86.Deploy.0 = Debug|Any CPU
		{5EA16ADF-C1E0-46B6-A7F5-F12F26B89E04}.Debug|Any CPU.ActiveCfg = Debug|Any CPU
		{5EA16ADF-C1E0-46B6-A7F5-F12F26B89E04}.Debug|Any CPU.Build.0 = Debug|Any CPU
		{5EA16ADF-C1E0-46B6-A7F5-F12F26B89E04}.Debug|Any CPU.Deploy.0 = Debug|Any CPU
		{5EA16ADF-C1E0-46B6-A7F5-F12F26B89E04}.Debug|ARM64.ActiveCfg = Debug|Any CPU
		{5EA16ADF-C1E0-46B6-A7F5-F12F26B89E04}.Debug|ARM64.Build.0 = Debug|Any CPU
		{5EA16ADF-C1E0-46B6-A7F5-F12F26B89E04}.Debug|ARM64.Deploy.0 = Debug|Any CPU
		{5EA16ADF-C1E0-46B6-A7F5-F12F26B89E04}.Debug|x64.ActiveCfg = Debug|Any CPU
		{5EA16ADF-C1E0-46B6-A7F5-F12F26B89E04}.Debug|x64.Build.0 = Debug|Any CPU
		{5EA16ADF-C1E0-46B6-A7F5-F12F26B89E04}.Debug|x64.Deploy.0 = Debug|Any CPU
		{5EA16ADF-C1E0-46B6-A7F5-F12F26B89E04}.Debug|x86.ActiveCfg = Debug|Any CPU
		{5EA16ADF-C1E0-46B6-A7F5-F12F26B89E04}.Debug|x86.Build.0 = Debug|Any CPU
		{5EA16ADF-C1E0-46B6-A7F5-F12F26B89E04}.Debug|x86.Deploy.0 = Debug|Any CPU
		{5EA16ADF-C1E0-46B6-A7F5-F12F26B89E04}.Release|Any CPU.ActiveCfg = Release|Any CPU
		{5EA16ADF-C1E0-46B6-A7F5-F12F26B89E04}.Release|Any CPU.Build.0 = Release|Any CPU
		{5EA16ADF-C1E0-46B6-A7F5-F12F26B89E04}.Release|Any CPU.Deploy.0 = Release|Any CPU
		{5EA16ADF-C1E0-46B6-A7F5-F12F26B89E04}.Release|ARM64.ActiveCfg = Release|Any CPU
		{5EA16ADF-C1E0-46B6-A7F5-F12F26B89E04}.Release|ARM64.Build.0 = Release|Any CPU
		{5EA16ADF-C1E0-46B6-A7F5-F12F26B89E04}.Release|ARM64.Deploy.0 = Release|Any CPU
		{5EA16ADF-C1E0-46B6-A7F5-F12F26B89E04}.Release|x64.ActiveCfg = Release|Any CPU
		{5EA16ADF-C1E0-46B6-A7F5-F12F26B89E04}.Release|x64.Build.0 = Release|Any CPU
		{5EA16ADF-C1E0-46B6-A7F5-F12F26B89E04}.Release|x64.Deploy.0 = Release|Any CPU
		{5EA16ADF-C1E0-46B6-A7F5-F12F26B89E04}.Release|x86.ActiveCfg = Release|Any CPU
		{5EA16ADF-C1E0-46B6-A7F5-F12F26B89E04}.Release|x86.Build.0 = Release|Any CPU
		{5EA16ADF-C1E0-46B6-A7F5-F12F26B89E04}.Release|x86.Deploy.0 = Release|Any CPU
		{5EA16ADF-C1E0-46B6-A7F5-F12F26B89E04}.UnitTests|Any CPU.ActiveCfg = Debug|Any CPU
		{5EA16ADF-C1E0-46B6-A7F5-F12F26B89E04}.UnitTests|Any CPU.Build.0 = Debug|Any CPU
		{5EA16ADF-C1E0-46B6-A7F5-F12F26B89E04}.UnitTests|Any CPU.Deploy.0 = Debug|Any CPU
		{5EA16ADF-C1E0-46B6-A7F5-F12F26B89E04}.UnitTests|ARM64.ActiveCfg = Debug|Any CPU
		{5EA16ADF-C1E0-46B6-A7F5-F12F26B89E04}.UnitTests|ARM64.Build.0 = Debug|Any CPU
		{5EA16ADF-C1E0-46B6-A7F5-F12F26B89E04}.UnitTests|ARM64.Deploy.0 = Debug|Any CPU
		{5EA16ADF-C1E0-46B6-A7F5-F12F26B89E04}.UnitTests|x64.ActiveCfg = Debug|Any CPU
		{5EA16ADF-C1E0-46B6-A7F5-F12F26B89E04}.UnitTests|x64.Build.0 = Debug|Any CPU
		{5EA16ADF-C1E0-46B6-A7F5-F12F26B89E04}.UnitTests|x64.Deploy.0 = Debug|Any CPU
		{5EA16ADF-C1E0-46B6-A7F5-F12F26B89E04}.UnitTests|x86.ActiveCfg = Debug|Any CPU
		{5EA16ADF-C1E0-46B6-A7F5-F12F26B89E04}.UnitTests|x86.Build.0 = Debug|Any CPU
		{5EA16ADF-C1E0-46B6-A7F5-F12F26B89E04}.UnitTests|x86.Deploy.0 = Debug|Any CPU
	EndGlobalSection
	GlobalSection(SolutionProperties) = preSolution
		HideSolutionNode = FALSE
	EndGlobalSection
	GlobalSection(NestedProjects) = preSolution
		{8DCF0A30-2DF0-47D4-847A-E29DD106ADE4} = {518CB217-D3C0-42D6-BB68-060E216185D3}
		{BBC80C0C-F259-4885-8158-D4439CAA1D65} = {518CB217-D3C0-42D6-BB68-060E216185D3}
		{6403F0DE-9077-496B-8B11-12E4571B2228} = {518CB217-D3C0-42D6-BB68-060E216185D3}
		{CEB4E19C-71A5-4D33-9D0E-EEFC16B82A9A} = {518CB217-D3C0-42D6-BB68-060E216185D3}
		{5EA16ADF-C1E0-46B6-A7F5-F12F26B89E04} = {518CB217-D3C0-42D6-BB68-060E216185D3}
	EndGlobalSection
	GlobalSection(ExtensibilityGlobals) = postSolution
		SolutionGuid = {CF099467-A923-470B-A08E-9E0E06420688}
	EndGlobalSection
EndGlobal
